// !$*UTF8*$!
{
	archiveVersion = 1;
	classes = {
	};
	objectVersion = 52;
	objects = {

/* Begin PBXBuildFile section */
		D87F22E824EFB6CD00198425 /* AppDelegate.swift in Sources */ = {isa = PBXBuildFile; fileRef = D87F22E724EFB6CD00198425 /* AppDelegate.swift */; };
		D87F22EA24EFB6CD00198425 /* SceneDelegate.swift in Sources */ = {isa = PBXBuildFile; fileRef = D87F22E924EFB6CD00198425 /* SceneDelegate.swift */; };
		D87F22EC24EFB6CD00198425 /* ContentView.swift in Sources */ = {isa = PBXBuildFile; fileRef = D87F22EB24EFB6CD00198425 /* ContentView.swift */; };
		D87F22EE24EFB6CF00198425 /* Assets.xcassets in Resources */ = {isa = PBXBuildFile; fileRef = D87F22ED24EFB6CF00198425 /* Assets.xcassets */; };
		D87F22F124EFB6CF00198425 /* Preview Assets.xcassets in Resources */ = {isa = PBXBuildFile; fileRef = D87F22F024EFB6CF00198425 /* Preview Assets.xcassets */; };
		D87F22F424EFB6CF00198425 /* LaunchScreen.storyboard in Resources */ = {isa = PBXBuildFile; fileRef = D87F22F224EFB6CF00198425 /* LaunchScreen.storyboard */; };
		D8BC29A224EFBB9B0026F29A /* Apollo in Frameworks */ = {isa = PBXBuildFile; productRef = D8BC29A124EFBB9B0026F29A /* Apollo */; };
		D8BC29A424EFBD000026F29A /* schema.json in Resources */ = {isa = PBXBuildFile; fileRef = D8BC29A324EFBD000026F29A /* schema.json */; };
		D8BC29A624EFBD590026F29A /* Queries.graphql in Resources */ = {isa = PBXBuildFile; fileRef = D8BC29A524EFBD590026F29A /* Queries.graphql */; };
		D8BC29A924EFBE7F0026F29A /* API.swift in Sources */ = {isa = PBXBuildFile; fileRef = D8BC29A824EFBE7F0026F29A /* API.swift */; };
		D8BC29AB24EFBEF70026F29A /* Network.swift in Sources */ = {isa = PBXBuildFile; fileRef = D8BC29AA24EFBEF70026F29A /* Network.swift */; };
/* End PBXBuildFile section */

/* Begin PBXFileReference section */
		D87F22E424EFB6CD00198425 /* conferences.app */ = {isa = PBXFileReference; explicitFileType = wrapper.application; includeInIndex = 0; path = conferences.app; sourceTree = BUILT_PRODUCTS_DIR; };
		D87F22E724EFB6CD00198425 /* AppDelegate.swift */ = {isa = PBXFileReference; lastKnownFileType = sourcecode.swift; path = AppDelegate.swift; sourceTree = "<group>"; };
		D87F22E924EFB6CD00198425 /* SceneDelegate.swift */ = {isa = PBXFileReference; lastKnownFileType = sourcecode.swift; path = SceneDelegate.swift; sourceTree = "<group>"; };
		D87F22EB24EFB6CD00198425 /* ContentView.swift */ = {isa = PBXFileReference; lastKnownFileType = sourcecode.swift; path = ContentView.swift; sourceTree = "<group>"; };
		D87F22ED24EFB6CF00198425 /* Assets.xcassets */ = {isa = PBXFileReference; lastKnownFileType = folder.assetcatalog; path = Assets.xcassets; sourceTree = "<group>"; };
		D87F22F024EFB6CF00198425 /* Preview Assets.xcassets */ = {isa = PBXFileReference; lastKnownFileType = folder.assetcatalog; path = "Preview Assets.xcassets"; sourceTree = "<group>"; };
		D87F22F324EFB6CF00198425 /* Base */ = {isa = PBXFileReference; lastKnownFileType = file.storyboard; name = Base; path = Base.lproj/LaunchScreen.storyboard; sourceTree = "<group>"; };
		D87F22F524EFB6CF00198425 /* Info.plist */ = {isa = PBXFileReference; lastKnownFileType = text.plist.xml; path = Info.plist; sourceTree = "<group>"; };
		D8BC29A324EFBD000026F29A /* schema.json */ = {isa = PBXFileReference; fileEncoding = 4; lastKnownFileType = text.json; path = schema.json; sourceTree = "<group>"; };
		D8BC29A524EFBD590026F29A /* Queries.graphql */ = {isa = PBXFileReference; lastKnownFileType = text; path = Queries.graphql; sourceTree = "<group>"; };
		D8BC29A824EFBE7F0026F29A /* API.swift */ = {isa = PBXFileReference; fileEncoding = 4; lastKnownFileType = sourcecode.swift; path = API.swift; sourceTree = "<group>"; };
		D8BC29AA24EFBEF70026F29A /* Network.swift */ = {isa = PBXFileReference; lastKnownFileType = sourcecode.swift; path = Network.swift; sourceTree = "<group>"; };
/* End PBXFileReference section */

/* Begin PBXFrameworksBuildPhase section */
		D87F22E124EFB6CD00198425 /* Frameworks */ = {
			isa = PBXFrameworksBuildPhase;
			buildActionMask = 2147483647;
			files = (
				D8BC29A224EFBB9B0026F29A /* Apollo in Frameworks */,
			);
			runOnlyForDeploymentPostprocessing = 0;
		};
/* End PBXFrameworksBuildPhase section */

/* Begin PBXGroup section */
		D87F22DB24EFB6CD00198425 = {
			isa = PBXGroup;
			children = (
				D87F22E624EFB6CD00198425 /* conferences */,
				D87F22E524EFB6CD00198425 /* Products */,
			);
			sourceTree = "<group>";
		};
		D87F22E524EFB6CD00198425 /* Products */ = {
			isa = PBXGroup;
			children = (
				D87F22E424EFB6CD00198425 /* conferences.app */,
			);
			name = Products;
			sourceTree = "<group>";
		};
		D87F22E624EFB6CD00198425 /* conferences */ = {
			isa = PBXGroup;
			children = (
				D87F22E724EFB6CD00198425 /* AppDelegate.swift */,
				D8BC29A324EFBD000026F29A /* schema.json */,
				D8BC29A824EFBE7F0026F29A /* API.swift */,
				D87F22E924EFB6CD00198425 /* SceneDelegate.swift */,
				D87F22EB24EFB6CD00198425 /* ContentView.swift */,
				D87F22ED24EFB6CF00198425 /* Assets.xcassets */,
				D87F22F224EFB6CF00198425 /* LaunchScreen.storyboard */,
				D87F22F524EFB6CF00198425 /* Info.plist */,
				D87F22EF24EFB6CF00198425 /* Preview Content */,
				D8BC29A524EFBD590026F29A /* Queries.graphql */,
				D8BC29AA24EFBEF70026F29A /* Network.swift */,
			);
			path = conferences;
			sourceTree = "<group>";
		};
		D87F22EF24EFB6CF00198425 /* Preview Content */ = {
			isa = PBXGroup;
			children = (
				D87F22F024EFB6CF00198425 /* Preview Assets.xcassets */,
			);
			path = "Preview Content";
			sourceTree = "<group>";
		};
/* End PBXGroup section */

/* Begin PBXNativeTarget section */
		D87F22E324EFB6CD00198425 /* conferences */ = {
			isa = PBXNativeTarget;
			buildConfigurationList = D87F22F824EFB6CF00198425 /* Build configuration list for PBXNativeTarget "conferences" */;
			buildPhases = (
				D8BC29A724EFBD8E0026F29A /* Generate Apollo GraphQL API */,
				D87F22E024EFB6CD00198425 /* Sources */,
				D87F22E124EFB6CD00198425 /* Frameworks */,
				D87F22E224EFB6CD00198425 /* Resources */,
			);
			buildRules = (
			);
			dependencies = (
			);
			name = conferences;
			packageProductDependencies = (
				D8BC29A124EFBB9B0026F29A /* Apollo */,
			);
			productName = conferences;
			productReference = D87F22E424EFB6CD00198425 /* conferences.app */;
			productType = "com.apple.product-type.application";
		};
/* End PBXNativeTarget section */

/* Begin PBXProject section */
		D87F22DC24EFB6CD00198425 /* Project object */ = {
			isa = PBXProject;
			attributes = {
				LastSwiftUpdateCheck = 1160;
				LastUpgradeCheck = 1160;
				ORGANIZATIONNAME = "Glenn Gijsberts";
				TargetAttributes = {
					D87F22E324EFB6CD00198425 = {
						CreatedOnToolsVersion = 11.6;
					};
				};
			};
			buildConfigurationList = D87F22DF24EFB6CD00198425 /* Build configuration list for PBXProject "conferences" */;
			compatibilityVersion = "Xcode 9.3";
			developmentRegion = en;
			hasScannedForEncodings = 0;
			knownRegions = (
				en,
				Base,
			);
			mainGroup = D87F22DB24EFB6CD00198425;
			packageReferences = (
				D8BC29A024EFBB9B0026F29A /* XCRemoteSwiftPackageReference "apollo-ios" */,
			);
			productRefGroup = D87F22E524EFB6CD00198425 /* Products */;
			projectDirPath = "";
			projectRoot = "";
			targets = (
				D87F22E324EFB6CD00198425 /* conferences */,
			);
		};
/* End PBXProject section */

/* Begin PBXResourcesBuildPhase section */
		D87F22E224EFB6CD00198425 /* Resources */ = {
			isa = PBXResourcesBuildPhase;
			buildActionMask = 2147483647;
			files = (
				D8BC29A624EFBD590026F29A /* Queries.graphql in Resources */,
				D87F22F424EFB6CF00198425 /* LaunchScreen.storyboard in Resources */,
				D8BC29A424EFBD000026F29A /* schema.json in Resources */,
				D87F22F124EFB6CF00198425 /* Preview Assets.xcassets in Resources */,
				D87F22EE24EFB6CF00198425 /* Assets.xcassets in Resources */,
			);
			runOnlyForDeploymentPostprocessing = 0;
		};
/* End PBXResourcesBuildPhase section */

/* Begin PBXShellScriptBuildPhase section */
		D8BC29A724EFBD8E0026F29A /* Generate Apollo GraphQL API */ = {
			isa = PBXShellScriptBuildPhase;
			buildActionMask = 2147483647;
			files = (
			);
			inputFileListPaths = (
			);
			inputPaths = (
			);
			name = "Generate Apollo GraphQL API";
			outputFileListPaths = (
			);
			outputPaths = (
			);
			runOnlyForDeploymentPostprocessing = 0;
			shellPath = /bin/sh;
			shellScript = "# Go to the build root and search up the chain to find the Derived Data Path where the source packages are checked out.\nDERIVED_DATA_CANDIDATE=\"${BUILD_ROOT}\"\nwhile ! [ -d \"${DERIVED_DATA_CANDIDATE}/SourcePackages\" ]; do\nif [ \"${DERIVED_DATA_CANDIDATE}\" = / ]; then\necho >&2 \"error: Unable to locate SourcePackages directory from BUILD_ROOT: '${BUILD_ROOT}'\"\nexit 1\nfi\nDERIVED_DATA_CANDIDATE=\"$(dirname \"${DERIVED_DATA_CANDIDATE}\")\"\ndone\n# Grab a reference to the directory where scripts are checked out\nSCRIPT_PATH=\"${DERIVED_DATA_CANDIDATE}/SourcePackages/checkouts/apollo-ios/scripts\"\nif [ -z \"${SCRIPT_PATH}\" ]; then\necho >&2 \"error: Couldn't find the CLI script in your checked out SPM packages; make sure to add the framework to your project.\"\nexit 1\nfi\ncd \"${SRCROOT}/${TARGET_NAME}\"\n\"${SCRIPT_PATH}\"/run-bundled-codegen.sh codegen:generate --target=swift --includes=./**/*.graphql --localSchemaFile=\"schema.json\" API.swift\n";
		};
/* End PBXShellScriptBuildPhase section */

/* Begin PBXSourcesBuildPhase section */
		D87F22E024EFB6CD00198425 /* Sources */ = {
			isa = PBXSourcesBuildPhase;
			buildActionMask = 2147483647;
			files = (
				D8BC29AB24EFBEF70026F29A /* Network.swift in Sources */,
				D87F22E824EFB6CD00198425 /* AppDelegate.swift in Sources */,
				D87F22EA24EFB6CD00198425 /* SceneDelegate.swift in Sources */,
				D8BC29A924EFBE7F0026F29A /* API.swift in Sources */,
				D87F22EC24EFB6CD00198425 /* ContentView.swift in Sources */,
			);
			runOnlyForDeploymentPostprocessing = 0;
		};
/* End PBXSourcesBuildPhase section */

/* Begin PBXVariantGroup section */
		D87F22F224EFB6CF00198425 /* LaunchScreen.storyboard */ = {
			isa = PBXVariantGroup;
			children = (
				D87F22F324EFB6CF00198425 /* Base */,
			);
			name = LaunchScreen.storyboard;
			sourceTree = "<group>";
		};
/* End PBXVariantGroup section */

/* Begin XCBuildConfiguration section */
		D87F22F624EFB6CF00198425 /* Debug */ = {
			isa = XCBuildConfiguration;
			buildSettings = {
				ALWAYS_SEARCH_USER_PATHS = NO;
				CLANG_ANALYZER_NONNULL = YES;
				CLANG_ANALYZER_NUMBER_OBJECT_CONVERSION = YES_AGGRESSIVE;
				CLANG_CXX_LANGUAGE_STANDARD = "gnu++14";
				CLANG_CXX_LIBRARY = "libc++";
				CLANG_ENABLE_MODULES = YES;
				CLANG_ENABLE_OBJC_ARC = YES;
				CLANG_ENABLE_OBJC_WEAK = YES;
				CLANG_WARN_BLOCK_CAPTURE_AUTORELEASING = YES;
				CLANG_WARN_BOOL_CONVERSION = YES;
				CLANG_WARN_COMMA = YES;
				CLANG_WARN_CONSTANT_CONVERSION = YES;
				CLANG_WARN_DEPRECATED_OBJC_IMPLEMENTATIONS = YES;
				CLANG_WARN_DIRECT_OBJC_ISA_USAGE = YES_ERROR;
				CLANG_WARN_DOCUMENTATION_COMMENTS = YES;
				CLANG_WARN_EMPTY_BODY = YES;
				CLANG_WARN_ENUM_CONVERSION = YES;
				CLANG_WARN_INFINITE_RECURSION = YES;
				CLANG_WARN_INT_CONVERSION = YES;
				CLANG_WARN_NON_LITERAL_NULL_CONVERSION = YES;
				CLANG_WARN_OBJC_IMPLICIT_RETAIN_SELF = YES;
				CLANG_WARN_OBJC_LITERAL_CONVERSION = YES;
				CLANG_WARN_OBJC_ROOT_CLASS = YES_ERROR;
				CLANG_WARN_RANGE_LOOP_ANALYSIS = YES;
				CLANG_WARN_STRICT_PROTOTYPES = YES;
				CLANG_WARN_SUSPICIOUS_MOVE = YES;
				CLANG_WARN_UNGUARDED_AVAILABILITY = YES_AGGRESSIVE;
				CLANG_WARN_UNREACHABLE_CODE = YES;
				CLANG_WARN__DUPLICATE_METHOD_MATCH = YES;
				COPY_PHASE_STRIP = NO;
				DEBUG_INFORMATION_FORMAT = dwarf;
				ENABLE_STRICT_OBJC_MSGSEND = YES;
				ENABLE_TESTABILITY = YES;
				GCC_C_LANGUAGE_STANDARD = gnu11;
				GCC_DYNAMIC_NO_PIC = NO;
				GCC_NO_COMMON_BLOCKS = YES;
				GCC_OPTIMIZATION_LEVEL = 0;
				GCC_PREPROCESSOR_DEFINITIONS = (
					"DEBUG=1",
					"$(inherited)",
				);
				GCC_WARN_64_TO_32_BIT_CONVERSION = YES;
				GCC_WARN_ABOUT_RETURN_TYPE = YES_ERROR;
				GCC_WARN_UNDECLARED_SELECTOR = YES;
				GCC_WARN_UNINITIALIZED_AUTOS = YES_AGGRESSIVE;
				GCC_WARN_UNUSED_FUNCTION = YES;
				GCC_WARN_UNUSED_VARIABLE = YES;
				IPHONEOS_DEPLOYMENT_TARGET = 13.6;
				MTL_ENABLE_DEBUG_INFO = INCLUDE_SOURCE;
				MTL_FAST_MATH = YES;
				ONLY_ACTIVE_ARCH = YES;
				SDKROOT = iphoneos;
				SWIFT_ACTIVE_COMPILATION_CONDITIONS = DEBUG;
				SWIFT_OPTIMIZATION_LEVEL = "-Onone";
			};
			name = Debug;
		};
		D87F22F724EFB6CF00198425 /* Release */ = {
			isa = XCBuildConfiguration;
			buildSettings = {
				ALWAYS_SEARCH_USER_PATHS = NO;
				CLANG_ANALYZER_NONNULL = YES;
				CLANG_ANALYZER_NUMBER_OBJECT_CONVERSION = YES_AGGRESSIVE;
				CLANG_CXX_LANGUAGE_STANDARD = "gnu++14";
				CLANG_CXX_LIBRARY = "libc++";
				CLANG_ENABLE_MODULES = YES;
				CLANG_ENABLE_OBJC_ARC = YES;
				CLANG_ENABLE_OBJC_WEAK = YES;
				CLANG_WARN_BLOCK_CAPTURE_AUTORELEASING = YES;
				CLANG_WARN_BOOL_CONVERSION = YES;
				CLANG_WARN_COMMA = YES;
				CLANG_WARN_CONSTANT_CONVERSION = YES;
				CLANG_WARN_DEPRECATED_OBJC_IMPLEMENTATIONS = YES;
				CLANG_WARN_DIRECT_OBJC_ISA_USAGE = YES_ERROR;
				CLANG_WARN_DOCUMENTATION_COMMENTS = YES;
				CLANG_WARN_EMPTY_BODY = YES;
				CLANG_WARN_ENUM_CONVERSION = YES;
				CLANG_WARN_INFINITE_RECURSION = YES;
				CLANG_WARN_INT_CONVERSION = YES;
				CLANG_WARN_NON_LITERAL_NULL_CONVERSION = YES;
				CLANG_WARN_OBJC_IMPLICIT_RETAIN_SELF = YES;
				CLANG_WARN_OBJC_LITERAL_CONVERSION = YES;
				CLANG_WARN_OBJC_ROOT_CLASS = YES_ERROR;
				CLANG_WARN_RANGE_LOOP_ANALYSIS = YES;
				CLANG_WARN_STRICT_PROTOTYPES = YES;
				CLANG_WARN_SUSPICIOUS_MOVE = YES;
				CLANG_WARN_UNGUARDED_AVAILABILITY = YES_AGGRESSIVE;
				CLANG_WARN_UNREACHABLE_CODE = YES;
				CLANG_WARN__DUPLICATE_METHOD_MATCH = YES;
				COPY_PHASE_STRIP = NO;
				DEBUG_INFORMATION_FORMAT = "dwarf-with-dsym";
				ENABLE_NS_ASSERTIONS = NO;
				ENABLE_STRICT_OBJC_MSGSEND = YES;
				GCC_C_LANGUAGE_STANDARD = gnu11;
				GCC_NO_COMMON_BLOCKS = YES;
				GCC_WARN_64_TO_32_BIT_CONVERSION = YES;
				GCC_WARN_ABOUT_RETURN_TYPE = YES_ERROR;
				GCC_WARN_UNDECLARED_SELECTOR = YES;
				GCC_WARN_UNINITIALIZED_AUTOS = YES_AGGRESSIVE;
				GCC_WARN_UNUSED_FUNCTION = YES;
				GCC_WARN_UNUSED_VARIABLE = YES;
				IPHONEOS_DEPLOYMENT_TARGET = 13.6;
				MTL_ENABLE_DEBUG_INFO = NO;
				MTL_FAST_MATH = YES;
				SDKROOT = iphoneos;
				SWIFT_COMPILATION_MODE = wholemodule;
				SWIFT_OPTIMIZATION_LEVEL = "-O";
				VALIDATE_PRODUCT = YES;
			};
			name = Release;
		};
		D87F22F924EFB6CF00198425 /* Debug */ = {
			isa = XCBuildConfiguration;
			buildSettings = {
				ASSETCATALOG_COMPILER_APPICON_NAME = AppIcon;
				CODE_SIGN_STYLE = Automatic;
				DEVELOPMENT_ASSET_PATHS = "\"conferences/Preview Content\"";
				ENABLE_PREVIEWS = YES;
				INFOPLIST_FILE = conferences/Info.plist;
				LD_RUNPATH_SEARCH_PATHS = (
					"$(inherited)",
					"@executable_path/Frameworks",
				);
				PRODUCT_BUNDLE_IDENTIFIER = com.glenngijsberts.conferences;
				PRODUCT_NAME = "$(TARGET_NAME)";
				SWIFT_VERSION = 5.0;
				TARGETED_DEVICE_FAMILY = "1,2";
			};
			name = Debug;
		};
		D87F22FA24EFB6CF00198425 /* Release */ = {
			isa = XCBuildConfiguration;
			buildSettings = {
				ASSETCATALOG_COMPILER_APPICON_NAME = AppIcon;
				CODE_SIGN_STYLE = Automatic;
				DEVELOPMENT_ASSET_PATHS = "\"conferences/Preview Content\"";
				ENABLE_PREVIEWS = YES;
				INFOPLIST_FILE = conferences/Info.plist;
				LD_RUNPATH_SEARCH_PATHS = (
					"$(inherited)",
					"@executable_path/Frameworks",
				);
				PRODUCT_BUNDLE_IDENTIFIER = com.glenngijsberts.conferences;
				PRODUCT_NAME = "$(TARGET_NAME)";
				SWIFT_VERSION = 5.0;
				TARGETED_DEVICE_FAMILY = "1,2";
			};
			name = Release;
		};
/* End XCBuildConfiguration section */

/* Begin XCConfigurationList section */
		D87F22DF24EFB6CD00198425 /* Build configuration list for PBXProject "conferences" */ = {
			isa = XCConfigurationList;
			buildConfigurations = (
				D87F22F624EFB6CF00198425 /* Debug */,
				D87F22F724EFB6CF00198425 /* Release */,
			);
			defaultConfigurationIsVisible = 0;
			defaultConfigurationName = Release;
		};
		D87F22F824EFB6CF00198425 /* Build configuration list for PBXNativeTarget "conferences" */ = {
			isa = XCConfigurationList;
			buildConfigurations = (
				D87F22F924EFB6CF00198425 /* Debug */,
				D87F22FA24EFB6CF00198425 /* Release */,
			);
			defaultConfigurationIsVisible = 0;
			defaultConfigurationName = Release;
		};
/* End XCConfigurationList section */

/* Begin XCRemoteSwiftPackageReference section */
		D8BC29A024EFBB9B0026F29A /* XCRemoteSwiftPackageReference "apollo-ios" */ = {
			isa = XCRemoteSwiftPackageReference;
			repositoryURL = "https://github.com/apollographql/apollo-ios.git";
			requirement = {
				kind = upToNextMinorVersion;
				minimumVersion = 0.22.0;
			};
		};
/* End XCRemoteSwiftPackageReference section */

/* Begin XCSwiftPackageProductDependency section */
		D8BC29A124EFBB9B0026F29A /* Apollo */ = {
			isa = XCSwiftPackageProductDependency;
			package = D8BC29A024EFBB9B0026F29A /* XCRemoteSwiftPackageReference "apollo-ios" */;
			productName = Apollo;
		};
/* End XCSwiftPackageProductDependency section */
	};
	rootObject = D87F22DC24EFB6CD00198425 /* Project object */;
}
