// !$*UTF8*$!
{
	archiveVersion = 1;
	classes = {
	};
	objectVersion = 52;
	objects = {

/* Begin PBXBuildFile section */
		CFD7010493039B37A287B10A /* Pods_conferences.framework in Frameworks */ = {isa = PBXBuildFile; fileRef = 53434F7976C782CC6BCE3CB0 /* Pods_conferences.framework */; };
		D81C83DA24EFD49600014CB5 /* Conferences.graphql in Resources */ = {isa = PBXBuildFile; fileRef = D81C83D924EFD49600014CB5 /* Conferences.graphql */; };
		D87F22E824EFB6CD00198425 /* AppDelegate.swift in Sources */ = {isa = PBXBuildFile; fileRef = D87F22E724EFB6CD00198425 /* AppDelegate.swift */; };
		D87F22EA24EFB6CD00198425 /* SceneDelegate.swift in Sources */ = {isa = PBXBuildFile; fileRef = D87F22E924EFB6CD00198425 /* SceneDelegate.swift */; };
		D87F22EC24EFB6CD00198425 /* ConferenceView.swift in Sources */ = {isa = PBXBuildFile; fileRef = D87F22EB24EFB6CD00198425 /* ConferenceView.swift */; };
		D87F22EE24EFB6CF00198425 /* Assets.xcassets in Resources */ = {isa = PBXBuildFile; fileRef = D87F22ED24EFB6CF00198425 /* Assets.xcassets */; };
		D87F22F124EFB6CF00198425 /* Preview Assets.xcassets in Resources */ = {isa = PBXBuildFile; fileRef = D87F22F024EFB6CF00198425 /* Preview Assets.xcassets */; };
		D87F22F424EFB6CF00198425 /* LaunchScreen.storyboard in Resources */ = {isa = PBXBuildFile; fileRef = D87F22F224EFB6CF00198425 /* LaunchScreen.storyboard */; };
		D8889CF324EFE9F5009120A4 /* SVGImage.swift in Sources */ = {isa = PBXBuildFile; fileRef = D8889CF224EFE9F5009120A4 /* SVGImage.swift */; };
		D8889CF624EFEA87009120A4 /* Macaw in Frameworks */ = {isa = PBXBuildFile; productRef = D8889CF524EFEA87009120A4 /* Macaw */; };
		D8889CF924EFEEB1009120A4 /* Conference.swift in Sources */ = {isa = PBXBuildFile; fileRef = D8889CF824EFEEB1009120A4 /* Conference.swift */; };
		D8889CFC24F005B3009120A4 /* ConferenceDetail.swift in Sources */ = {isa = PBXBuildFile; fileRef = D8889CFB24F005B3009120A4 /* ConferenceDetail.swift */; };
		D8889CFE24F00763009120A4 /* ConferenceRow.swift in Sources */ = {isa = PBXBuildFile; fileRef = D8889CFD24F00763009120A4 /* ConferenceRow.swift */; };
		D8BC29A224EFBB9B0026F29A /* Apollo in Frameworks */ = {isa = PBXBuildFile; productRef = D8BC29A124EFBB9B0026F29A /* Apollo */; };
		D8BC29A424EFBD000026F29A /* schema.json in Resources */ = {isa = PBXBuildFile; fileRef = D8BC29A324EFBD000026F29A /* schema.json */; };
		D8BC29A924EFBE7F0026F29A /* API.swift in Sources */ = {isa = PBXBuildFile; fileRef = D8BC29A824EFBE7F0026F29A /* API.swift */; };
		D8BC29AB24EFBEF70026F29A /* Network.swift in Sources */ = {isa = PBXBuildFile; fileRef = D8BC29AA24EFBEF70026F29A /* Network.swift */; };
		D8F32CEB24F0197100137A9B /* Podfile in Resources */ = {isa = PBXBuildFile; fileRef = D8F32CE924F0197100137A9B /* Podfile */; };
		D8F32CEC24F0197100137A9B /* Podfile.lock in Resources */ = {isa = PBXBuildFile; fileRef = D8F32CEA24F0197100137A9B /* Podfile.lock */; };
/* End PBXBuildFile section */

/* Begin PBXFileReference section */
		53434F7976C782CC6BCE3CB0 /* Pods_conferences.framework */ = {isa = PBXFileReference; explicitFileType = wrapper.framework; includeInIndex = 0; path = Pods_conferences.framework; sourceTree = BUILT_PRODUCTS_DIR; };
		79CC3260F639E3D4F3C8ABD1 /* Pods-conferences.debug.xcconfig */ = {isa = PBXFileReference; includeInIndex = 1; lastKnownFileType = text.xcconfig; name = "Pods-conferences.debug.xcconfig"; path = "Target Support Files/Pods-conferences/Pods-conferences.debug.xcconfig"; sourceTree = "<group>"; };
		A30D0DA231BB7CF24B076FF8 /* Pods-conferences.release.xcconfig */ = {isa = PBXFileReference; includeInIndex = 1; lastKnownFileType = text.xcconfig; name = "Pods-conferences.release.xcconfig"; path = "Target Support Files/Pods-conferences/Pods-conferences.release.xcconfig"; sourceTree = "<group>"; };
		D81C83D924EFD49600014CB5 /* Conferences.graphql */ = {isa = PBXFileReference; lastKnownFileType = text; path = Conferences.graphql; sourceTree = "<group>"; };
		D87F22E424EFB6CD00198425 /* conferences.app */ = {isa = PBXFileReference; explicitFileType = wrapper.application; includeInIndex = 0; path = conferences.app; sourceTree = BUILT_PRODUCTS_DIR; };
		D87F22E724EFB6CD00198425 /* AppDelegate.swift */ = {isa = PBXFileReference; lastKnownFileType = sourcecode.swift; path = AppDelegate.swift; sourceTree = "<group>"; };
		D87F22E924EFB6CD00198425 /* SceneDelegate.swift */ = {isa = PBXFileReference; lastKnownFileType = sourcecode.swift; path = SceneDelegate.swift; sourceTree = "<group>"; };
		D87F22EB24EFB6CD00198425 /* ConferenceView.swift */ = {isa = PBXFileReference; lastKnownFileType = sourcecode.swift; path = ConferenceView.swift; sourceTree = "<group>"; };
		D87F22ED24EFB6CF00198425 /* Assets.xcassets */ = {isa = PBXFileReference; lastKnownFileType = folder.assetcatalog; path = Assets.xcassets; sourceTree = "<group>"; };
		D87F22F024EFB6CF00198425 /* Preview Assets.xcassets */ = {isa = PBXFileReference; lastKnownFileType = folder.assetcatalog; path = "Preview Assets.xcassets"; sourceTree = "<group>"; };
		D87F22F324EFB6CF00198425 /* Base */ = {isa = PBXFileReference; lastKnownFileType = file.storyboard; name = Base; path = Base.lproj/LaunchScreen.storyboard; sourceTree = "<group>"; };
		D87F22F524EFB6CF00198425 /* Info.plist */ = {isa = PBXFileReference; lastKnownFileType = text.plist.xml; path = Info.plist; sourceTree = "<group>"; };
		D8889CF224EFE9F5009120A4 /* SVGImage.swift */ = {isa = PBXFileReference; lastKnownFileType = sourcecode.swift; path = SVGImage.swift; sourceTree = "<group>"; };
		D8889CF824EFEEB1009120A4 /* Conference.swift */ = {isa = PBXFileReference; lastKnownFileType = sourcecode.swift; path = Conference.swift; sourceTree = "<group>"; };
		D8889CFB24F005B3009120A4 /* ConferenceDetail.swift */ = {isa = PBXFileReference; lastKnownFileType = sourcecode.swift; path = ConferenceDetail.swift; sourceTree = "<group>"; };
		D8889CFD24F00763009120A4 /* ConferenceRow.swift */ = {isa = PBXFileReference; lastKnownFileType = sourcecode.swift; path = ConferenceRow.swift; sourceTree = "<group>"; };
		D8BC29A324EFBD000026F29A /* schema.json */ = {isa = PBXFileReference; fileEncoding = 4; lastKnownFileType = text.json; path = schema.json; sourceTree = "<group>"; };
		D8BC29A824EFBE7F0026F29A /* API.swift */ = {isa = PBXFileReference; fileEncoding = 4; lastKnownFileType = sourcecode.swift; path = API.swift; sourceTree = "<group>"; };
		D8BC29AA24EFBEF70026F29A /* Network.swift */ = {isa = PBXFileReference; lastKnownFileType = sourcecode.swift; path = Network.swift; sourceTree = "<group>"; };
		D8F32CE924F0197100137A9B /* Podfile */ = {isa = PBXFileReference; fileEncoding = 4; lastKnownFileType = text; path = Podfile; sourceTree = SOURCE_ROOT; xcLanguageSpecificationIdentifier = xcode.lang.ruby; };
		D8F32CEA24F0197100137A9B /* Podfile.lock */ = {isa = PBXFileReference; lastKnownFileType = text; path = Podfile.lock; sourceTree = SOURCE_ROOT; };
/* End PBXFileReference section */

/* Begin PBXFrameworksBuildPhase section */
		D87F22E124EFB6CD00198425 /* Frameworks */ = {
			isa = PBXFrameworksBuildPhase;
			buildActionMask = 2147483647;
			files = (
				D8889CF624EFEA87009120A4 /* Macaw in Frameworks */,
				D8BC29A224EFBB9B0026F29A /* Apollo in Frameworks */,
				CFD7010493039B37A287B10A /* Pods_conferences.framework in Frameworks */,
			);
			runOnlyForDeploymentPostprocessing = 0;
		};
/* End PBXFrameworksBuildPhase section */

/* Begin PBXGroup section */
		1DA15B1E0CCCB6C0C513E7EF /* Frameworks */ = {
			isa = PBXGroup;
			children = (
				53434F7976C782CC6BCE3CB0 /* Pods_conferences.framework */,
			);
			name = Frameworks;
			sourceTree = "<group>";
		};
		9FFF4C9602D041BAB1FC6825 /* Pods */ = {
			isa = PBXGroup;
			children = (
				79CC3260F639E3D4F3C8ABD1 /* Pods-conferences.debug.xcconfig */,
				A30D0DA231BB7CF24B076FF8 /* Pods-conferences.release.xcconfig */,
			);
			path = Pods;
			sourceTree = "<group>";
		};
		D81C83D824EFD47C00014CB5 /* GraphQL */ = {
			isa = PBXGroup;
			children = (
				D8BC29A824EFBE7F0026F29A /* API.swift */,
				D8BC29A324EFBD000026F29A /* schema.json */,
				D81C83D924EFD49600014CB5 /* Conferences.graphql */,
			);
			path = GraphQL;
			sourceTree = "<group>";
		};
		D87F22DB24EFB6CD00198425 = {
			isa = PBXGroup;
			children = (
				D87F22E624EFB6CD00198425 /* conferences */,
				D87F22E524EFB6CD00198425 /* Products */,
				1DA15B1E0CCCB6C0C513E7EF /* Frameworks */,
				9FFF4C9602D041BAB1FC6825 /* Pods */,
			);
			sourceTree = "<group>";
		};
		D87F22E524EFB6CD00198425 /* Products */ = {
			isa = PBXGroup;
			children = (
				D87F22E424EFB6CD00198425 /* conferences.app */,
			);
			name = Products;
			sourceTree = "<group>";
		};
		D87F22E624EFB6CD00198425 /* conferences */ = {
			isa = PBXGroup;
			children = (
				D8889CFF24F00A58009120A4 /* Class */,
				D8889CFA24F00592009120A4 /* Conference */,
				D8889CF724EFEEA4009120A4 /* Model */,
				D8889CF124EFE9CA009120A4 /* Representable */,
				D81C83D824EFD47C00014CB5 /* GraphQL */,
				D87F22E724EFB6CD00198425 /* AppDelegate.swift */,
				D87F22E924EFB6CD00198425 /* SceneDelegate.swift */,
				D87F22EB24EFB6CD00198425 /* ConferenceView.swift */,
				D87F22ED24EFB6CF00198425 /* Assets.xcassets */,
				D87F22F224EFB6CF00198425 /* LaunchScreen.storyboard */,
				D87F22F524EFB6CF00198425 /* Info.plist */,
				D8F32CE924F0197100137A9B /* Podfile */,
				D8F32CEA24F0197100137A9B /* Podfile.lock */,
				D87F22EF24EFB6CF00198425 /* Preview Content */,
			);
			path = conferences;
			sourceTree = "<group>";
		};
		D87F22EF24EFB6CF00198425 /* Preview Content */ = {
			isa = PBXGroup;
			children = (
				D87F22F024EFB6CF00198425 /* Preview Assets.xcassets */,
			);
			path = "Preview Content";
			sourceTree = "<group>";
		};
		D8889CF124EFE9CA009120A4 /* Representable */ = {
			isa = PBXGroup;
			children = (
				D8889CF224EFE9F5009120A4 /* SVGImage.swift */,
			);
			path = Representable;
			sourceTree = "<group>";
		};
		D8889CF724EFEEA4009120A4 /* Model */ = {
			isa = PBXGroup;
			children = (
				D8889CF824EFEEB1009120A4 /* Conference.swift */,
			);
			path = Model;
			sourceTree = "<group>";
		};
		D8889CFA24F00592009120A4 /* Conference */ = {
			isa = PBXGroup;
			children = (
				D8889CFB24F005B3009120A4 /* ConferenceDetail.swift */,
				D8889CFD24F00763009120A4 /* ConferenceRow.swift */,
			);
			path = Conference;
			sourceTree = "<group>";
		};
		D8889CFF24F00A58009120A4 /* Class */ = {
			isa = PBXGroup;
			children = (
				D8BC29AA24EFBEF70026F29A /* Network.swift */,
			);
			path = Class;
			sourceTree = "<group>";
		};
/* End PBXGroup section */

/* Begin PBXNativeTarget section */
		D87F22E324EFB6CD00198425 /* conferences */ = {
			isa = PBXNativeTarget;
			buildConfigurationList = D87F22F824EFB6CF00198425 /* Build configuration list for PBXNativeTarget "conferences" */;
			buildPhases = (
				0AE7F7769FDCA4CDF2B22D9A /* [CP] Check Pods Manifest.lock */,
				D8BC29A724EFBD8E0026F29A /* Generate Apollo GraphQL API */,
				D87F22E024EFB6CD00198425 /* Sources */,
				D87F22E124EFB6CD00198425 /* Frameworks */,
				D87F22E224EFB6CD00198425 /* Resources */,
				686FF822DE6A32C263A9D6C0 /* [CP] Embed Pods Frameworks */,
			);
			buildRules = (
			);
			dependencies = (
			);
			name = conferences;
			packageProductDependencies = (
				D8BC29A124EFBB9B0026F29A /* Apollo */,
				D8889CF524EFEA87009120A4 /* Macaw */,
			);
			productName = conferences;
			productReference = D87F22E424EFB6CD00198425 /* conferences.app */;
			productType = "com.apple.product-type.application";
		};
/* End PBXNativeTarget section */

/* Begin PBXProject section */
		D87F22DC24EFB6CD00198425 /* Project object */ = {
			isa = PBXProject;
			attributes = {
				LastSwiftUpdateCheck = 1160;
				LastUpgradeCheck = 1160;
				ORGANIZATIONNAME = "Glenn Gijsberts";
				TargetAttributes = {
					D87F22E324EFB6CD00198425 = {
						CreatedOnToolsVersion = 11.6;
					};
				};
			};
			buildConfigurationList = D87F22DF24EFB6CD00198425 /* Build configuration list for PBXProject "conferences" */;
			compatibilityVersion = "Xcode 9.3";
			developmentRegion = en;
			hasScannedForEncodings = 0;
			knownRegions = (
				en,
				Base,
			);
			mainGroup = D87F22DB24EFB6CD00198425;
			packageReferences = (
				D8BC29A024EFBB9B0026F29A /* XCRemoteSwiftPackageReference "apollo-ios" */,
				D8889CF424EFEA87009120A4 /* XCRemoteSwiftPackageReference "Macaw" */,
			);
			productRefGroup = D87F22E524EFB6CD00198425 /* Products */;
			projectDirPath = "";
			projectRoot = "";
			targets = (
				D87F22E324EFB6CD00198425 /* conferences */,
			);
		};
/* End PBXProject section */

/* Begin PBXResourcesBuildPhase section */
		D87F22E224EFB6CD00198425 /* Resources */ = {
			isa = PBXResourcesBuildPhase;
			buildActionMask = 2147483647;
			files = (
				D8F32CEB24F0197100137A9B /* Podfile in Resources */,
				D87F22F424EFB6CF00198425 /* LaunchScreen.storyboard in Resources */,
				D8BC29A424EFBD000026F29A /* schema.json in Resources */,
				D87F22F124EFB6CF00198425 /* Preview Assets.xcassets in Resources */,
				D87F22EE24EFB6CF00198425 /* Assets.xcassets in Resources */,
				D81C83DA24EFD49600014CB5 /* Conferences.graphql in Resources */,
				D8F32CEC24F0197100137A9B /* Podfile.lock in Resources */,
			);
			runOnlyForDeploymentPostprocessing = 0;
		};
/* End PBXResourcesBuildPhase section */

/* Begin PBXShellScriptBuildPhase section */
		0AE7F7769FDCA4CDF2B22D9A /* [CP] Check Pods Manifest.lock */ = {
			isa = PBXShellScriptBuildPhase;
			buildActionMask = 2147483647;
			files = (
			);
			inputFileListPaths = (
			);
			inputPaths = (
				"${PODS_PODFILE_DIR_PATH}/Podfile.lock",
				"${PODS_ROOT}/Manifest.lock",
			);
			name = "[CP] Check Pods Manifest.lock";
			outputFileListPaths = (
			);
			outputPaths = (
				"$(DERIVED_FILE_DIR)/Pods-conferences-checkManifestLockResult.txt",
			);
			runOnlyForDeploymentPostprocessing = 0;
			shellPath = /bin/sh;
			shellScript = "diff \"${PODS_PODFILE_DIR_PATH}/Podfile.lock\" \"${PODS_ROOT}/Manifest.lock\" > /dev/null\nif [ $? != 0 ] ; then\n    # print error to STDERR\n    echo \"error: The sandbox is not in sync with the Podfile.lock. Run 'pod install' or update your CocoaPods installation.\" >&2\n    exit 1\nfi\n# This output is used by Xcode 'outputs' to avoid re-running this script phase.\necho \"SUCCESS\" > \"${SCRIPT_OUTPUT_FILE_0}\"\n";
			showEnvVarsInLog = 0;
		};
		686FF822DE6A32C263A9D6C0 /* [CP] Embed Pods Frameworks */ = {
			isa = PBXShellScriptBuildPhase;
			buildActionMask = 2147483647;
			files = (
			);
			inputFileListPaths = (
				"${PODS_ROOT}/Target Support Files/Pods-conferences/Pods-conferences-frameworks-${CONFIGURATION}-input-files.xcfilelist",
			);
			name = "[CP] Embed Pods Frameworks";
			outputFileListPaths = (
				"${PODS_ROOT}/Target Support Files/Pods-conferences/Pods-conferences-frameworks-${CONFIGURATION}-output-files.xcfilelist",
			);
			runOnlyForDeploymentPostprocessing = 0;
			shellPath = /bin/sh;
			shellScript = "\"${PODS_ROOT}/Target Support Files/Pods-conferences/Pods-conferences-frameworks.sh\"\n";
			showEnvVarsInLog = 0;
		};
		D8BC29A724EFBD8E0026F29A /* Generate Apollo GraphQL API */ = {
			isa = PBXShellScriptBuildPhase;
			buildActionMask = 2147483647;
			files = (
			);
			inputFileListPaths = (
			);
			inputPaths = (
			);
			name = "Generate Apollo GraphQL API";
			outputFileListPaths = (
			);
			outputPaths = (
			);
			runOnlyForDeploymentPostprocessing = 0;
			shellPath = /bin/sh;
			shellScript = "# Go to the build root and search up the chain to find the Derived Data Path where the source packages are checked out.\nDERIVED_DATA_CANDIDATE=\"${BUILD_ROOT}\"\nwhile ! [ -d \"${DERIVED_DATA_CANDIDATE}/SourcePackages\" ]; do\nif [ \"${DERIVED_DATA_CANDIDATE}\" = / ]; then\necho >&2 \"error: Unable to locate SourcePackages directory from BUILD_ROOT: '${BUILD_ROOT}'\"\nexit 1\nfi\nDERIVED_DATA_CANDIDATE=\"$(dirname \"${DERIVED_DATA_CANDIDATE}\")\"\ndone\n# Grab a reference to the directory where scripts are checked out\nSCRIPT_PATH=\"${DERIVED_DATA_CANDIDATE}/SourcePackages/checkouts/apollo-ios/scripts\"\nif [ -z \"${SCRIPT_PATH}\" ]; then\necho >&2 \"error: Couldn't find the CLI script in your checked out SPM packages; make sure to add the framework to your project.\"\nexit 1\nfi\ncd \"${SRCROOT}/${TARGET_NAME}\"\n\"${SCRIPT_PATH}\"/run-bundled-codegen.sh codegen:generate --target=swift --includes=./**/*.graphql --localSchemaFile=\"./GraphQL/schema.json\" ./GraphQL/API.swift\n";
		};
/* End PBXShellScriptBuildPhase section */

/* Begin PBXSourcesBuildPhase section */
		D87F22E024EFB6CD00198425 /* Sources */ = {
			isa = PBXSourcesBuildPhase;
			buildActionMask = 2147483647;
			files = (
				D8BC29AB24EFBEF70026F29A /* Network.swift in Sources */,
				D87F22E824EFB6CD00198425 /* AppDelegate.swift in Sources */,
				D87F22EA24EFB6CD00198425 /* SceneDelegate.swift in Sources */,
				D8889CF924EFEEB1009120A4 /* Conference.swift in Sources */,
				D8889CFE24F00763009120A4 /* ConferenceRow.swift in Sources */,
				D8889CFC24F005B3009120A4 /* ConferenceDetail.swift in Sources */,
				D8BC29A924EFBE7F0026F29A /* API.swift in Sources */,
				D8889CF324EFE9F5009120A4 /* SVGImage.swift in Sources */,
				D87F22EC24EFB6CD00198425 /* ConferenceView.swift in Sources */,
			);
			runOnlyForDeploymentPostprocessing = 0;
		};
/* End PBXSourcesBuildPhase section */

/* Begin PBXVariantGroup section */
		D87F22F224EFB6CF00198425 /* LaunchScreen.storyboard */ = {
			isa = PBXVariantGroup;
			children = (
				D87F22F324EFB6CF00198425 /* Base */,
			);
			name = LaunchScreen.storyboard;
			sourceTree = "<group>";
		};
/* End PBXVariantGroup section */

/* Begin XCBuildConfiguration section */
		D87F22F624EFB6CF00198425 /* Debug */ = {
			isa = XCBuildConfiguration;
			buildSettings = {
				ALWAYS_SEARCH_USER_PATHS = NO;
				CLANG_ANALYZER_NONNULL = YES;
				CLANG_ANALYZER_NUMBER_OBJECT_CONVERSION = YES_AGGRESSIVE;
				CLANG_CXX_LANGUAGE_STANDARD = "gnu++14";
				CLANG_CXX_LIBRARY = "libc++";
				CLANG_ENABLE_MODULES = YES;
				CLANG_ENABLE_OBJC_ARC = YES;
				CLANG_ENABLE_OBJC_WEAK = YES;
				CLANG_WARN_BLOCK_CAPTURE_AUTORELEASING = YES;
				CLANG_WARN_BOOL_CONVERSION = YES;
				CLANG_WARN_COMMA = YES;
				CLANG_WARN_CONSTANT_CONVERSION = YES;
				CLANG_WARN_DEPRECATED_OBJC_IMPLEMENTATIONS = YES;
				CLANG_WARN_DIRECT_OBJC_ISA_USAGE = YES_ERROR;
				CLANG_WARN_DOCUMENTATION_COMMENTS = YES;
				CLANG_WARN_EMPTY_BODY = YES;
				CLANG_WARN_ENUM_CONVERSION = YES;
				CLANG_WARN_INFINITE_RECURSION = YES;
				CLANG_WARN_INT_CONVERSION = YES;
				CLANG_WARN_NON_LITERAL_NULL_CONVERSION = YES;
				CLANG_WARN_OBJC_IMPLICIT_RETAIN_SELF = YES;
				CLANG_WARN_OBJC_LITERAL_CONVERSION = YES;
				CLANG_WARN_OBJC_ROOT_CLASS = YES_ERROR;
				CLANG_WARN_RANGE_LOOP_ANALYSIS = YES;
				CLANG_WARN_STRICT_PROTOTYPES = YES;
				CLANG_WARN_SUSPICIOUS_MOVE = YES;
				CLANG_WARN_UNGUARDED_AVAILABILITY = YES_AGGRESSIVE;
				CLANG_WARN_UNREACHABLE_CODE = YES;
				CLANG_WARN__DUPLICATE_METHOD_MATCH = YES;
				COPY_PHASE_STRIP = NO;
				DEBUG_INFORMATION_FORMAT = dwarf;
				ENABLE_STRICT_OBJC_MSGSEND = YES;
				ENABLE_TESTABILITY = YES;
				GCC_C_LANGUAGE_STANDARD = gnu11;
				GCC_DYNAMIC_NO_PIC = NO;
				GCC_NO_COMMON_BLOCKS = YES;
				GCC_OPTIMIZATION_LEVEL = 0;
				GCC_PREPROCESSOR_DEFINITIONS = (
					"DEBUG=1",
					"$(inherited)",
				);
				GCC_WARN_64_TO_32_BIT_CONVERSION = YES;
				GCC_WARN_ABOUT_RETURN_TYPE = YES_ERROR;
				GCC_WARN_UNDECLARED_SELECTOR = YES;
				GCC_WARN_UNINITIALIZED_AUTOS = YES_AGGRESSIVE;
				GCC_WARN_UNUSED_FUNCTION = YES;
				GCC_WARN_UNUSED_VARIABLE = YES;
				IPHONEOS_DEPLOYMENT_TARGET = 13.6;
				MTL_ENABLE_DEBUG_INFO = INCLUDE_SOURCE;
				MTL_FAST_MATH = YES;
				ONLY_ACTIVE_ARCH = YES;
				SDKROOT = iphoneos;
				SWIFT_ACTIVE_COMPILATION_CONDITIONS = DEBUG;
				SWIFT_OPTIMIZATION_LEVEL = "-Onone";
			};
			name = Debug;
		};
		D87F22F724EFB6CF00198425 /* Release */ = {
			isa = XCBuildConfiguration;
			buildSettings = {
				ALWAYS_SEARCH_USER_PATHS = NO;
				CLANG_ANALYZER_NONNULL = YES;
				CLANG_ANALYZER_NUMBER_OBJECT_CONVERSION = YES_AGGRESSIVE;
				CLANG_CXX_LANGUAGE_STANDARD = "gnu++14";
				CLANG_CXX_LIBRARY = "libc++";
				CLANG_ENABLE_MODULES = YES;
				CLANG_ENABLE_OBJC_ARC = YES;
				CLANG_ENABLE_OBJC_WEAK = YES;
				CLANG_WARN_BLOCK_CAPTURE_AUTORELEASING = YES;
				CLANG_WARN_BOOL_CONVERSION = YES;
				CLANG_WARN_COMMA = YES;
				CLANG_WARN_CONSTANT_CONVERSION = YES;
				CLANG_WARN_DEPRECATED_OBJC_IMPLEMENTATIONS = YES;
				CLANG_WARN_DIRECT_OBJC_ISA_USAGE = YES_ERROR;
				CLANG_WARN_DOCUMENTATION_COMMENTS = YES;
				CLANG_WARN_EMPTY_BODY = YES;
				CLANG_WARN_ENUM_CONVERSION = YES;
				CLANG_WARN_INFINITE_RECURSION = YES;
				CLANG_WARN_INT_CONVERSION = YES;
				CLANG_WARN_NON_LITERAL_NULL_CONVERSION = YES;
				CLANG_WARN_OBJC_IMPLICIT_RETAIN_SELF = YES;
				CLANG_WARN_OBJC_LITERAL_CONVERSION = YES;
				CLANG_WARN_OBJC_ROOT_CLASS = YES_ERROR;
				CLANG_WARN_RANGE_LOOP_ANALYSIS = YES;
				CLANG_WARN_STRICT_PROTOTYPES = YES;
				CLANG_WARN_SUSPICIOUS_MOVE = YES;
				CLANG_WARN_UNGUARDED_AVAILABILITY = YES_AGGRESSIVE;
				CLANG_WARN_UNREACHABLE_CODE = YES;
				CLANG_WARN__DUPLICATE_METHOD_MATCH = YES;
				COPY_PHASE_STRIP = NO;
				DEBUG_INFORMATION_FORMAT = "dwarf-with-dsym";
				ENABLE_NS_ASSERTIONS = NO;
				ENABLE_STRICT_OBJC_MSGSEND = YES;
				GCC_C_LANGUAGE_STANDARD = gnu11;
				GCC_NO_COMMON_BLOCKS = YES;
				GCC_WARN_64_TO_32_BIT_CONVERSION = YES;
				GCC_WARN_ABOUT_RETURN_TYPE = YES_ERROR;
				GCC_WARN_UNDECLARED_SELECTOR = YES;
				GCC_WARN_UNINITIALIZED_AUTOS = YES_AGGRESSIVE;
				GCC_WARN_UNUSED_FUNCTION = YES;
				GCC_WARN_UNUSED_VARIABLE = YES;
				IPHONEOS_DEPLOYMENT_TARGET = 13.6;
				MTL_ENABLE_DEBUG_INFO = NO;
				MTL_FAST_MATH = YES;
				SDKROOT = iphoneos;
				SWIFT_COMPILATION_MODE = wholemodule;
				SWIFT_OPTIMIZATION_LEVEL = "-O";
				VALIDATE_PRODUCT = YES;
			};
			name = Release;
		};
		D87F22F924EFB6CF00198425 /* Debug */ = {
			isa = XCBuildConfiguration;
			baseConfigurationReference = 79CC3260F639E3D4F3C8ABD1 /* Pods-conferences.debug.xcconfig */;
			buildSettings = {
				ASSETCATALOG_COMPILER_APPICON_NAME = AppIcon;
				CODE_SIGN_STYLE = Automatic;
				DEVELOPMENT_ASSET_PATHS = "\"conferences/Preview Content\"";
				ENABLE_PREVIEWS = YES;
				INFOPLIST_FILE = conferences/Info.plist;
				LD_RUNPATH_SEARCH_PATHS = (
					"$(inherited)",
					"@executable_path/Frameworks",
				);
				PRODUCT_BUNDLE_IDENTIFIER = com.glenngijsberts.conferences;
				PRODUCT_NAME = "$(TARGET_NAME)";
				SWIFT_VERSION = 5.0;
				TARGETED_DEVICE_FAMILY = "1,2";
			};
			name = Debug;
		};
		D87F22FA24EFB6CF00198425 /* Release */ = {
			isa = XCBuildConfiguration;
			baseConfigurationReference = A30D0DA231BB7CF24B076FF8 /* Pods-conferences.release.xcconfig */;
			buildSettings = {
				ASSETCATALOG_COMPILER_APPICON_NAME = AppIcon;
				CODE_SIGN_STYLE = Automatic;
				DEVELOPMENT_ASSET_PATHS = "\"conferences/Preview Content\"";
				ENABLE_PREVIEWS = YES;
				INFOPLIST_FILE = conferences/Info.plist;
				LD_RUNPATH_SEARCH_PATHS = (
					"$(inherited)",
					"@executable_path/Frameworks",
				);
				PRODUCT_BUNDLE_IDENTIFIER = com.glenngijsberts.conferences;
				PRODUCT_NAME = "$(TARGET_NAME)";
				SWIFT_VERSION = 5.0;
				TARGETED_DEVICE_FAMILY = "1,2";
			};
			name = Release;
		};
/* End XCBuildConfiguration section */

/* Begin XCConfigurationList section */
		D87F22DF24EFB6CD00198425 /* Build configuration list for PBXProject "conferences" */ = {
			isa = XCConfigurationList;
			buildConfigurations = (
				D87F22F624EFB6CF00198425 /* Debug */,
				D87F22F724EFB6CF00198425 /* Release */,
			);
			defaultConfigurationIsVisible = 0;
			defaultConfigurationName = Release;
		};
		D87F22F824EFB6CF00198425 /* Build configuration list for PBXNativeTarget "conferences" */ = {
			isa = XCConfigurationList;
			buildConfigurations = (
				D87F22F924EFB6CF00198425 /* Debug */,
				D87F22FA24EFB6CF00198425 /* Release */,
			);
			defaultConfigurationIsVisible = 0;
			defaultConfigurationName = Release;
		};
/* End XCConfigurationList section */

/* Begin XCRemoteSwiftPackageReference section */
		D8889CF424EFEA87009120A4 /* XCRemoteSwiftPackageReference "Macaw" */ = {
			isa = XCRemoteSwiftPackageReference;
			repositoryURL = "https://github.com/exyte/Macaw.git";
			requirement = {
				branch = master;
				kind = branch;
			};
		};
		D8BC29A024EFBB9B0026F29A /* XCRemoteSwiftPackageReference "apollo-ios" */ = {
			isa = XCRemoteSwiftPackageReference;
			repositoryURL = "https://github.com/apollographql/apollo-ios.git";
			requirement = {
				kind = upToNextMinorVersion;
				minimumVersion = 0.22.0;
			};
		};
/* End XCRemoteSwiftPackageReference section */

/* Begin XCSwiftPackageProductDependency section */
		D8889CF524EFEA87009120A4 /* Macaw */ = {
			isa = XCSwiftPackageProductDependency;
			package = D8889CF424EFEA87009120A4 /* XCRemoteSwiftPackageReference "Macaw" */;
			productName = Macaw;
		};
		D8BC29A124EFBB9B0026F29A /* Apollo */ = {
			isa = XCSwiftPackageProductDependency;
			package = D8BC29A024EFBB9B0026F29A /* XCRemoteSwiftPackageReference "apollo-ios" */;
			productName = Apollo;
		};
/* End XCSwiftPackageProductDependency section */
	};
	rootObject = D87F22DC24EFB6CD00198425 /* Project object */;
}
